{
    "_readme": [
        "This file locks the dependencies of your project to a known state",
        "Read more about it at https://getcomposer.org/doc/01-basic-usage.md#installing-dependencies",
        "This file is @generated automatically"
    ],
    "content-hash": "70762b441c87a0378e1ac31d03aadfbd",
    "packages": [
        {
            "name": "juoum/giaeconnect",
            "version": "v2.0.0",
            "source": {
                "type": "git",
                "url": "https://github.com/itsjuoum/GIAEConnect.git",
                "reference": "61f37ffb6faa1d5ca0f087b6391bd58ca40d8f81"
            },
            "dist": {
                "type": "zip",
                "url": "https://api.github.com/repos/itsjuoum/GIAEConnect/zipball/61f37ffb6faa1d5ca0f087b6391bd58ca40d8f81",
                "reference": "61f37ffb6faa1d5ca0f087b6391bd58ca40d8f81",
                "shasum": ""
            },
            "type": "library",
            "autoload": {
                "psr-4": {
                    "juoum\\GiaeConnect\\": "src/"
                }
            },
            "notification-url": "https://packagist.org/downloads/",
            "license": [
                "GPL-3.0-only"
            ],
            "authors": [
                {
                    "name": "juoum"
                }
            ],
            "description": "This PHP class provides an unofficial API for the GIAE platform (Gestão Integrada para Administração Escolar), widely used on Portuguese public schools, on behalf of a given user.",
            "support": {
                "issues": "https://github.com/itsjuoum/GIAEConnect/issues",
                "source": "https://github.com/itsjuoum/GIAEConnect/tree/v2.0.0"
            },
            "time": "2025-07-16T14:59:18+00:00"
        }
    ],
    "packages-dev": [],
    "aliases": [],
    "minimum-stability": "stable",
    "stability-flags": {},
    "prefer-stable": false,
    "prefer-lowest": false,
    "platform": {},
    "platform-dev": {},
    "plugin-api-version": "2.6.0"
}
